
Microsoft Visual Studio Solution File, Format Version 12.00
# Visual Studio Version 16
VisualStudioVersion = 16.0.30611.23
MinimumVisualStudioVersion = 10.0.40219.1
Project("{9A19103F-16F7-4668-BE54-9A1E7A4F7556}") = "webGestionvente2", "webGestionvente2\webGestionvente2.csproj", "{58C5102E-0E36-4828-B882-2AA64BBA543D}"
EndProject
Global
	GlobalSection(SolutionConfigurationPlatforms) = preSolution
		Debug|Any CPU = Debug|Any CPU
		Release|Any CPU = Release|Any CPU
	EndGlobalSection
	GlobalSection(ProjectConfigurationPlatforms) = postSolution
		{58C5102E-0E36-4828-B882-2AA64BBA543D}.Debug|Any CPU.ActiveCfg = Debug|Any CPU
		{58C5102E-0E36-4828-B882-2AA64BBA543D}.Debug|Any CPU.Build.0 = Debug|Any CPU
		{58C5102E-0E36-4828-B882-2AA64BBA543D}.Release|Any CPU.ActiveCfg = Release|Any CPU
		{58C5102E-0E36-4828-B882-2AA64BBA543D}.Release|Any CPU.Build.0 = Release|Any CPU
	EndGlobalSection
	GlobalSection(SolutionProperties) = preSolution
		HideSolutionNode = FALSE
	EndGlobalSection
	GlobalSection(ExtensibilityGlobals) = postSolution
		SolutionGuid = {373F4FC4-50D7-443A-8E83-9957FD77B913}
	EndGlobalSection
EndGlobal
